
Microsoft Visual Studio Solution File, Format Version 12.00
# Visual Studio Version 16
VisualStudioVersion = 16.0.30204.135
MinimumVisualStudioVersion = 10.0.40219.1
Project("{FAE04EC0-301F-11D3-BF4B-00C04F79EFBC}") = "c9_api", "c9-api\c9_api.csproj", "{DA9AA1A5-80DB-45D8-BC1A-1C70CF3F547F}"
EndProject
Global
	GlobalSection(SolutionConfigurationPlatforms) = preSolution
		Debug|Any CPU = Debug|Any CPU
		Release|Any CPU = Release|Any CPU
	EndGlobalSection
	GlobalSection(ProjectConfigurationPlatforms) = postSolution
		{DA9AA1A5-80DB-45D8-BC1A-1C70CF3F547F}.Debug|Any CPU.ActiveCfg = Debug|Any CPU
		{DA9AA1A5-80DB-45D8-BC1A-1C70CF3F547F}.Debug|Any CPU.Build.0 = Debug|Any CPU
		{DA9AA1A5-80DB-45D8-BC1A-1C70CF3F547F}.Release|Any CPU.ActiveCfg = Release|Any CPU
		{DA9AA1A5-80DB-45D8-BC1A-1C70CF3F547F}.Release|Any CPU.Build.0 = Release|Any CPU
	EndGlobalSection
	GlobalSection(SolutionProperties) = preSolution
		HideSolutionNode = FALSE
	EndGlobalSection
	GlobalSection(ExtensibilityGlobals) = postSolution
		SolutionGuid = {B2C89EBE-C919-41C0-817D-B07E5B9D9EF1}
	EndGlobalSection
EndGlobal
